github.com/lmorg/readline v0.0.0-20210316231630-be4b7d79fc3a h1:xiaNGfMrhqdK89RvLnc6WAe4Pe/HKaluZmipsYF3E0o=
github.com/lmorg/readline v0.0.0-20210316231630-be4b7d79fc3a/go.mod h1:DidBcghSSS00hj06CkehMGDhZ/25vZDdydkeTVUy6lY=
golang.org/x/sys v0.0.0-20210316164454-77fc1eacc6aa/go.mod h1:h1NjWce9XRLGQEsW7wpKNCjG9DtNlClVuFLEZdDNbEs=
golang.org/x/sys v0.0.0-20220825204002-c680a09ffe64 h1:UiNENfZ8gDvpiWw7IpOMQ27spWmThO1RwwdQVbJahJM=
golang.org/x/sys v0.0.0-20220825204002-c680a09ffe64/go.mod h1:oPkhp1MJrh7nUepCBck5+mAzfO9JrbApNNgaTdGDITg=
golang.org/x/sys v0.13.0 h1:Af8nKPmuFypiUBjVoU9V20FiaFXOcuZI21p0ycVYYGE=
golang.org/x/sys v0.13.0/go.mod h1:oPkhp1MJrh7nUepCBck5+mAzfO9JrbApNNgaTdGDITg=
